// !$*UTF8*$!
{
	archiveVersion = 1;
	classes = {
	};
	objectVersion = 46;
	objects = {

/* Begin PBXBuildFile section */
		A7AD03161D7FCB2C004E1423 /* AppDelegate.swift in Sources */ = {isa = PBXBuildFile; fileRef = A7AD03151D7FCB2C004E1423 /* AppDelegate.swift */; };
		A7AD031B1D7FCB2C004E1423 /* Main.storyboard in Resources */ = {isa = PBXBuildFile; fileRef = A7AD03191D7FCB2C004E1423 /* Main.storyboard */; };
		A7AD031D1D7FCB2C004E1423 /* Assets.xcassets in Resources */ = {isa = PBXBuildFile; fileRef = A7AD031C1D7FCB2C004E1423 /* Assets.xcassets */; };
		A7AD03201D7FCB2C004E1423 /* LaunchScreen.storyboard in Resources */ = {isa = PBXBuildFile; fileRef = A7AD031E1D7FCB2C004E1423 /* LaunchScreen.storyboard */; };
		A7AD032B1D7FCB2D004E1423 /* TacoPOPTests.swift in Sources */ = {isa = PBXBuildFile; fileRef = A7AD032A1D7FCB2D004E1423 /* TacoPOPTests.swift */; };
		A7AD033C1D7FCD40004E1423 /* MainVC.swift in Sources */ = {isa = PBXBuildFile; fileRef = A7AD033B1D7FCD40004E1423 /* MainVC.swift */; };
		A7AD033E1D7FCF04004E1423 /* DropShadow.swift in Sources */ = {isa = PBXBuildFile; fileRef = A7AD033D1D7FCF04004E1423 /* DropShadow.swift */; };
		A7AD03401D7FCFE0004E1423 /* HeaderView.swift in Sources */ = {isa = PBXBuildFile; fileRef = A7AD033F1D7FCFE0004E1423 /* HeaderView.swift */; };
		A7AD03421D7FD0DB004E1423 /* Taco.swift in Sources */ = {isa = PBXBuildFile; fileRef = A7AD03411D7FD0DB004E1423 /* Taco.swift */; };
		A7AD03441D7FD3E2004E1423 /* DataService.swift in Sources */ = {isa = PBXBuildFile; fileRef = A7AD03431D7FD3E2004E1423 /* DataService.swift */; };
		A7AD03471D7FD661004E1423 /* TacoCell.swift in Sources */ = {isa = PBXBuildFile; fileRef = A7AD03451D7FD661004E1423 /* TacoCell.swift */; };
		A7AD03481D7FD661004E1423 /* TacoCell.xib in Resources */ = {isa = PBXBuildFile; fileRef = A7AD03461D7FD661004E1423 /* TacoCell.xib */; };
		A7AD034A1D7FDB63004E1423 /* ReusableView.swift in Sources */ = {isa = PBXBuildFile; fileRef = A7AD03491D7FDB63004E1423 /* ReusableView.swift */; };
		A7AD034C1D7FDBE8004E1423 /* NibLoadableView.swift in Sources */ = {isa = PBXBuildFile; fileRef = A7AD034B1D7FDBE8004E1423 /* NibLoadableView.swift */; };
		A7AD034E1D7FDC4E004E1423 /* UICollectionView+Ext.swift in Sources */ = {isa = PBXBuildFile; fileRef = A7AD034D1D7FDC4E004E1423 /* UICollectionView+Ext.swift */; };
		A7AD03501D7FE6A4004E1423 /* MutableCollection+Ext.swift in Sources */ = {isa = PBXBuildFile; fileRef = A7AD034F1D7FE6A4004E1423 /* MutableCollection+Ext.swift */; };
		A7AD03521D7FE852004E1423 /* Shakeable.swift in Sources */ = {isa = PBXBuildFile; fileRef = A7AD03511D7FE852004E1423 /* Shakeable.swift */; };
/* End PBXBuildFile section */

/* Begin PBXContainerItemProxy section */
		A7AD03271D7FCB2D004E1423 /* PBXContainerItemProxy */ = {
			isa = PBXContainerItemProxy;
			containerPortal = A7AD030A1D7FCB2C004E1423 /* Project object */;
			proxyType = 1;
			remoteGlobalIDString = A7AD03111D7FCB2C004E1423;
			remoteInfo = TacoPOP;
		};
/* End PBXContainerItemProxy section */

/* Begin PBXFileReference section */
		A7AD03121D7FCB2C004E1423 /* TacoPOP.app */ = {isa = PBXFileReference; explicitFileType = wrapper.application; includeInIndex = 0; path = TacoPOP.app; sourceTree = BUILT_PRODUCTS_DIR; };
		A7AD03151D7FCB2C004E1423 /* AppDelegate.swift */ = {isa = PBXFileReference; lastKnownFileType = sourcecode.swift; path = AppDelegate.swift; sourceTree = "<group>"; };
		A7AD031A1D7FCB2C004E1423 /* Base */ = {isa = PBXFileReference; lastKnownFileType = file.storyboard; name = Base; path = Base.lproj/Main.storyboard; sourceTree = "<group>"; };
		A7AD031C1D7FCB2C004E1423 /* Assets.xcassets */ = {isa = PBXFileReference; lastKnownFileType = folder.assetcatalog; path = Assets.xcassets; sourceTree = "<group>"; };
		A7AD031F1D7FCB2C004E1423 /* Base */ = {isa = PBXFileReference; lastKnownFileType = file.storyboard; name = Base; path = Base.lproj/LaunchScreen.storyboard; sourceTree = "<group>"; };
		A7AD03211D7FCB2C004E1423 /* Info.plist */ = {isa = PBXFileReference; lastKnownFileType = text.plist.xml; path = Info.plist; sourceTree = "<group>"; };
		A7AD03261D7FCB2D004E1423 /* TacoPOPTests.xctest */ = {isa = PBXFileReference; explicitFileType = wrapper.cfbundle; includeInIndex = 0; path = TacoPOPTests.xctest; sourceTree = BUILT_PRODUCTS_DIR; };
		A7AD032A1D7FCB2D004E1423 /* TacoPOPTests.swift */ = {isa = PBXFileReference; lastKnownFileType = sourcecode.swift; path = TacoPOPTests.swift; sourceTree = "<group>"; };
		A7AD032C1D7FCB2D004E1423 /* Info.plist */ = {isa = PBXFileReference; lastKnownFileType = text.plist.xml; path = Info.plist; sourceTree = "<group>"; };
		A7AD033B1D7FCD40004E1423 /* MainVC.swift */ = {isa = PBXFileReference; fileEncoding = 4; lastKnownFileType = sourcecode.swift; path = MainVC.swift; sourceTree = "<group>"; };
		A7AD033D1D7FCF04004E1423 /* DropShadow.swift */ = {isa = PBXFileReference; fileEncoding = 4; lastKnownFileType = sourcecode.swift; path = DropShadow.swift; sourceTree = "<group>"; };
		A7AD033F1D7FCFE0004E1423 /* HeaderView.swift */ = {isa = PBXFileReference; fileEncoding = 4; lastKnownFileType = sourcecode.swift; path = HeaderView.swift; sourceTree = "<group>"; };
		A7AD03411D7FD0DB004E1423 /* Taco.swift */ = {isa = PBXFileReference; fileEncoding = 4; lastKnownFileType = sourcecode.swift; path = Taco.swift; sourceTree = "<group>"; };
		A7AD03431D7FD3E2004E1423 /* DataService.swift */ = {isa = PBXFileReference; fileEncoding = 4; lastKnownFileType = sourcecode.swift; path = DataService.swift; sourceTree = "<group>"; };
		A7AD03451D7FD661004E1423 /* TacoCell.swift */ = {isa = PBXFileReference; fileEncoding = 4; lastKnownFileType = sourcecode.swift; path = TacoCell.swift; sourceTree = "<group>"; };
		A7AD03461D7FD661004E1423 /* TacoCell.xib */ = {isa = PBXFileReference; fileEncoding = 4; lastKnownFileType = file.xib; path = TacoCell.xib; sourceTree = "<group>"; };
		A7AD03491D7FDB63004E1423 /* ReusableView.swift */ = {isa = PBXFileReference; fileEncoding = 4; lastKnownFileType = sourcecode.swift; path = ReusableView.swift; sourceTree = "<group>"; };
		A7AD034B1D7FDBE8004E1423 /* NibLoadableView.swift */ = {isa = PBXFileReference; fileEncoding = 4; lastKnownFileType = sourcecode.swift; path = NibLoadableView.swift; sourceTree = "<group>"; };
		A7AD034D1D7FDC4E004E1423 /* UICollectionView+Ext.swift */ = {isa = PBXFileReference; fileEncoding = 4; lastKnownFileType = sourcecode.swift; path = "UICollectionView+Ext.swift"; sourceTree = "<group>"; };
		A7AD034F1D7FE6A4004E1423 /* MutableCollection+Ext.swift */ = {isa = PBXFileReference; fileEncoding = 4; lastKnownFileType = sourcecode.swift; path = "MutableCollection+Ext.swift"; sourceTree = "<group>"; };
		A7AD03511D7FE852004E1423 /* Shakeable.swift */ = {isa = PBXFileReference; fileEncoding = 4; lastKnownFileType = sourcecode.swift; path = Shakeable.swift; sourceTree = "<group>"; };
/* End PBXFileReference section */

/* Begin PBXFrameworksBuildPhase section */
		A7AD030F1D7FCB2C004E1423 /* Frameworks */ = {
			isa = PBXFrameworksBuildPhase;
			buildActionMask = 2147483647;
			files = (
			);
			runOnlyForDeploymentPostprocessing = 0;
		};
		A7AD03231D7FCB2D004E1423 /* Frameworks */ = {
			isa = PBXFrameworksBuildPhase;
			buildActionMask = 2147483647;
			files = (
			);
			runOnlyForDeploymentPostprocessing = 0;
		};
/* End PBXFrameworksBuildPhase section */

/* Begin PBXGroup section */
		A7AD03091D7FCB2C004E1423 = {
			isa = PBXGroup;
			children = (
				A7AD03141D7FCB2C004E1423 /* TacoPOP */,
				A7AD03291D7FCB2D004E1423 /* TacoPOPTests */,
				A7AD03131D7FCB2C004E1423 /* Products */,
			);
			sourceTree = "<group>";
		};
		A7AD03131D7FCB2C004E1423 /* Products */ = {
			isa = PBXGroup;
			children = (
				A7AD03121D7FCB2C004E1423 /* TacoPOP.app */,
				A7AD03261D7FCB2D004E1423 /* TacoPOPTests.xctest */,
			);
			name = Products;
			sourceTree = "<group>";
		};
		A7AD03141D7FCB2C004E1423 /* TacoPOP */ = {
			isa = PBXGroup;
			children = (
				A7AD033A1D7FCC17004E1423 /* Extensions */,
				A7AD03391D7FCC10004E1423 /* Protocols */,
				A7AD03371D7FCBF6004E1423 /* Model */,
				A7AD03361D7FCBC4004E1423 /* View */,
				A7AD03351D7FCBBC004E1423 /* Controller */,
				A7AD03381D7FCBFD004E1423 /* Resources */,
			);
			path = TacoPOP;
			sourceTree = "<group>";
		};
		A7AD03291D7FCB2D004E1423 /* TacoPOPTests */ = {
			isa = PBXGroup;
			children = (
				A7AD032A1D7FCB2D004E1423 /* TacoPOPTests.swift */,
				A7AD032C1D7FCB2D004E1423 /* Info.plist */,
			);
			path = TacoPOPTests;
			sourceTree = "<group>";
		};
		A7AD03351D7FCBBC004E1423 /* Controller */ = {
			isa = PBXGroup;
			children = (
				A7AD03151D7FCB2C004E1423 /* AppDelegate.swift */,
				A7AD033B1D7FCD40004E1423 /* MainVC.swift */,
			);
			name = Controller;
			sourceTree = "<group>";
		};
		A7AD03361D7FCBC4004E1423 /* View */ = {
			isa = PBXGroup;
			children = (
				A7AD03191D7FCB2C004E1423 /* Main.storyboard */,
				A7AD031E1D7FCB2C004E1423 /* LaunchScreen.storyboard */,
				A7AD033F1D7FCFE0004E1423 /* HeaderView.swift */,
				A7AD03451D7FD661004E1423 /* TacoCell.swift */,
				A7AD03461D7FD661004E1423 /* TacoCell.xib */,
			);
			name = View;
			sourceTree = "<group>";
		};
		A7AD03371D7FCBF6004E1423 /* Model */ = {
			isa = PBXGroup;
			children = (
				A7AD03411D7FD0DB004E1423 /* Taco.swift */,
				A7AD03431D7FD3E2004E1423 /* DataService.swift */,
			);
			name = Model;
			sourceTree = "<group>";
		};
		A7AD03381D7FCBFD004E1423 /* Resources */ = {
			isa = PBXGroup;
			children = (
				A7AD031C1D7FCB2C004E1423 /* Assets.xcassets */,
				A7AD03211D7FCB2C004E1423 /* Info.plist */,
			);
			name = Resources;
			sourceTree = "<group>";
		};
		A7AD03391D7FCC10004E1423 /* Protocols */ = {
			isa = PBXGroup;
			children = (
				A7AD033D1D7FCF04004E1423 /* DropShadow.swift */,
				A7AD03491D7FDB63004E1423 /* ReusableView.swift */,
				A7AD034B1D7FDBE8004E1423 /* NibLoadableView.swift */,
				A7AD03511D7FE852004E1423 /* Shakeable.swift */,
			);
			name = Protocols;
			sourceTree = "<group>";
		};
		A7AD033A1D7FCC17004E1423 /* Extensions */ = {
			isa = PBXGroup;
			children = (
				A7AD034D1D7FDC4E004E1423 /* UICollectionView+Ext.swift */,
				A7AD034F1D7FE6A4004E1423 /* MutableCollection+Ext.swift */,
			);
			name = Extensions;
			sourceTree = "<group>";
		};
/* End PBXGroup section */

/* Begin PBXNativeTarget section */
		A7AD03111D7FCB2C004E1423 /* TacoPOP */ = {
			isa = PBXNativeTarget;
			buildConfigurationList = A7AD032F1D7FCB2D004E1423 /* Build configuration list for PBXNativeTarget "TacoPOP" */;
			buildPhases = (
				A7AD030E1D7FCB2C004E1423 /* Sources */,
				A7AD030F1D7FCB2C004E1423 /* Frameworks */,
				A7AD03101D7FCB2C004E1423 /* Resources */,
			);
			buildRules = (
			);
			dependencies = (
			);
			name = TacoPOP;
			productName = TacoPOP;
			productReference = A7AD03121D7FCB2C004E1423 /* TacoPOP.app */;
			productType = "com.apple.product-type.application";
		};
		A7AD03251D7FCB2D004E1423 /* TacoPOPTests */ = {
			isa = PBXNativeTarget;
			buildConfigurationList = A7AD03321D7FCB2D004E1423 /* Build configuration list for PBXNativeTarget "TacoPOPTests" */;
			buildPhases = (
				A7AD03221D7FCB2D004E1423 /* Sources */,
				A7AD03231D7FCB2D004E1423 /* Frameworks */,
				A7AD03241D7FCB2D004E1423 /* Resources */,
			);
			buildRules = (
			);
			dependencies = (
				A7AD03281D7FCB2D004E1423 /* PBXTargetDependency */,
			);
			name = TacoPOPTests;
			productName = TacoPOPTests;
			productReference = A7AD03261D7FCB2D004E1423 /* TacoPOPTests.xctest */;
			productType = "com.apple.product-type.bundle.unit-test";
		};
/* End PBXNativeTarget section */

/* Begin PBXProject section */
		A7AD030A1D7FCB2C004E1423 /* Project object */ = {
			isa = PBXProject;
			attributes = {
				LastSwiftUpdateCheck = 0800;
				LastUpgradeCheck = 0800;
				ORGANIZATIONNAME = "Ben Makusha";
				TargetAttributes = {
					A7AD03111D7FCB2C004E1423 = {
						CreatedOnToolsVersion = 8.0;
						DevelopmentTeam = X9S97S4N54;
						ProvisioningStyle = Automatic;
					};
					A7AD03251D7FCB2D004E1423 = {
						CreatedOnToolsVersion = 8.0;
						DevelopmentTeam = X9S97S4N54;
						ProvisioningStyle = Automatic;
						TestTargetID = A7AD03111D7FCB2C004E1423;
					};
				};
			};
			buildConfigurationList = A7AD030D1D7FCB2C004E1423 /* Build configuration list for PBXProject "TacoPOP" */;
			compatibilityVersion = "Xcode 3.2";
			developmentRegion = English;
			hasScannedForEncodings = 0;
			knownRegions = (
				en,
				Base,
			);
			mainGroup = A7AD03091D7FCB2C004E1423;
			productRefGroup = A7AD03131D7FCB2C004E1423 /* Products */;
			projectDirPath = "";
			projectRoot = "";
			targets = (
				A7AD03111D7FCB2C004E1423 /* TacoPOP */,
				A7AD03251D7FCB2D004E1423 /* TacoPOPTests */,
			);
		};
/* End PBXProject section */

/* Begin PBXResourcesBuildPhase section */
		A7AD03101D7FCB2C004E1423 /* Resources */ = {
			isa = PBXResourcesBuildPhase;
			buildActionMask = 2147483647;
			files = (
				A7AD03481D7FD661004E1423 /* TacoCell.xib in Resources */,
				A7AD03201D7FCB2C004E1423 /* LaunchScreen.storyboard in Resources */,
				A7AD031D1D7FCB2C004E1423 /* Assets.xcassets in Resources */,
				A7AD031B1D7FCB2C004E1423 /* Main.storyboard in Resources */,
			);
			runOnlyForDeploymentPostprocessing = 0;
		};
		A7AD03241D7FCB2D004E1423 /* Resources */ = {
			isa = PBXResourcesBuildPhase;
			buildActionMask = 2147483647;
			files = (
			);
			runOnlyForDeploymentPostprocessing = 0;
		};
/* End PBXResourcesBuildPhase section */

/* Begin PBXSourcesBuildPhase section */
		A7AD030E1D7FCB2C004E1423 /* Sources */ = {
			isa = PBXSourcesBuildPhase;
			buildActionMask = 2147483647;
			files = (
				A7AD03471D7FD661004E1423 /* TacoCell.swift in Sources */,
				A7AD03501D7FE6A4004E1423 /* MutableCollection+Ext.swift in Sources */,
				A7AD03161D7FCB2C004E1423 /* AppDelegate.swift in Sources */,
				A7AD033E1D7FCF04004E1423 /* DropShadow.swift in Sources */,
				A7AD034C1D7FDBE8004E1423 /* NibLoadableView.swift in Sources */,
				A7AD034E1D7FDC4E004E1423 /* UICollectionView+Ext.swift in Sources */,
				A7AD034A1D7FDB63004E1423 /* ReusableView.swift in Sources */,
				A7AD033C1D7FCD40004E1423 /* MainVC.swift in Sources */,
				A7AD03441D7FD3E2004E1423 /* DataService.swift in Sources */,
				A7AD03421D7FD0DB004E1423 /* Taco.swift in Sources */,
				A7AD03521D7FE852004E1423 /* Shakeable.swift in Sources */,
				A7AD03401D7FCFE0004E1423 /* HeaderView.swift in Sources */,
			);
			runOnlyForDeploymentPostprocessing = 0;
		};
		A7AD03221D7FCB2D004E1423 /* Sources */ = {
			isa = PBXSourcesBuildPhase;
			buildActionMask = 2147483647;
			files = (
				A7AD032B1D7FCB2D004E1423 /* TacoPOPTests.swift in Sources */,
			);
			runOnlyForDeploymentPostprocessing = 0;
		};
/* End PBXSourcesBuildPhase section */

/* Begin PBXTargetDependency section */
		A7AD03281D7FCB2D004E1423 /* PBXTargetDependency */ = {
			isa = PBXTargetDependency;
			target = A7AD03111D7FCB2C004E1423 /* TacoPOP */;
			targetProxy = A7AD03271D7FCB2D004E1423 /* PBXContainerItemProxy */;
		};
/* End PBXTargetDependency section */

/* Begin PBXVariantGroup section */
		A7AD03191D7FCB2C004E1423 /* Main.storyboard */ = {
			isa = PBXVariantGroup;
			children = (
				A7AD031A1D7FCB2C004E1423 /* Base */,
			);
			name = Main.storyboard;
			sourceTree = "<group>";
		};
		A7AD031E1D7FCB2C004E1423 /* LaunchScreen.storyboard */ = {
			isa = PBXVariantGroup;
			children = (
				A7AD031F1D7FCB2C004E1423 /* Base */,
			);
			name = LaunchScreen.storyboard;
			sourceTree = "<group>";
		};
/* End PBXVariantGroup section */

/* Begin XCBuildConfiguration section */
		A7AD032D1D7FCB2D004E1423 /* Debug */ = {
			isa = XCBuildConfiguration;
			buildSettings = {
				ALWAYS_SEARCH_USER_PATHS = NO;
				CLANG_ANALYZER_NONNULL = YES;
				CLANG_CXX_LANGUAGE_STANDARD = "gnu++0x";
				CLANG_CXX_LIBRARY = "libc++";
				CLANG_ENABLE_MODULES = YES;
				CLANG_ENABLE_OBJC_ARC = YES;
				CLANG_WARN_BOOL_CONVERSION = YES;
				CLANG_WARN_CONSTANT_CONVERSION = YES;
				CLANG_WARN_DIRECT_OBJC_ISA_USAGE = YES_ERROR;
				CLANG_WARN_DOCUMENTATION_COMMENTS = YES;
				CLANG_WARN_EMPTY_BODY = YES;
				CLANG_WARN_ENUM_CONVERSION = YES;
				CLANG_WARN_INFINITE_RECURSION = YES;
				CLANG_WARN_INT_CONVERSION = YES;
				CLANG_WARN_OBJC_ROOT_CLASS = YES_ERROR;
				CLANG_WARN_SUSPICIOUS_MOVES = YES;
				CLANG_WARN_UNREACHABLE_CODE = YES;
				CLANG_WARN__DUPLICATE_METHOD_MATCH = YES;
				"CODE_SIGN_IDENTITY[sdk=iphoneos*]" = "iPhone Developer";
				COPY_PHASE_STRIP = NO;
				DEBUG_INFORMATION_FORMAT = dwarf;
				ENABLE_STRICT_OBJC_MSGSEND = YES;
				ENABLE_TESTABILITY = YES;
				GCC_C_LANGUAGE_STANDARD = gnu99;
				GCC_DYNAMIC_NO_PIC = NO;
				GCC_NO_COMMON_BLOCKS = YES;
				GCC_OPTIMIZATION_LEVEL = 0;
				GCC_PREPROCESSOR_DEFINITIONS = (
					"DEBUG=1",
					"$(inherited)",
				);
				GCC_WARN_64_TO_32_BIT_CONVERSION = YES;
				GCC_WARN_ABOUT_RETURN_TYPE = YES_ERROR;
				GCC_WARN_UNDECLARED_SELECTOR = YES;
				GCC_WARN_UNINITIALIZED_AUTOS = YES_AGGRESSIVE;
				GCC_WARN_UNUSED_FUNCTION = YES;
				GCC_WARN_UNUSED_VARIABLE = YES;
				IPHONEOS_DEPLOYMENT_TARGET = 10.0;
				MTL_ENABLE_DEBUG_INFO = YES;
				ONLY_ACTIVE_ARCH = YES;
				SDKROOT = iphoneos;
				SWIFT_ACTIVE_COMPILATION_CONDITIONS = DEBUG;
				SWIFT_OPTIMIZATION_LEVEL = "-Onone";
				TARGETED_DEVICE_FAMILY = "1,2";
			};
			name = Debug;
		};
		A7AD032E1D7FCB2D004E1423 /* Release */ = {
			isa = XCBuildConfiguration;
			buildSettings = {
				ALWAYS_SEARCH_USER_PATHS = NO;
				CLANG_ANALYZER_NONNULL = YES;
				CLANG_CXX_LANGUAGE_STANDARD = "gnu++0x";
				CLANG_CXX_LIBRARY = "libc++";
				CLANG_ENABLE_MODULES = YES;
				CLANG_ENABLE_OBJC_ARC = YES;
				CLANG_WARN_BOOL_CONVERSION = YES;
				CLANG_WARN_CONSTANT_CONVERSION = YES;
				CLANG_WARN_DIRECT_OBJC_ISA_USAGE = YES_ERROR;
				CLANG_WARN_DOCUMENTATION_COMMENTS = YES;
				CLANG_WARN_EMPTY_BODY = YES;
				CLANG_WARN_ENUM_CONVERSION = YES;
				CLANG_WARN_INFINITE_RECURSION = YES;
				CLANG_WARN_INT_CONVERSION = YES;
				CLANG_WARN_OBJC_ROOT_CLASS = YES_ERROR;
				CLANG_WARN_SUSPICIOUS_MOVES = YES;
				CLANG_WARN_UNREACHABLE_CODE = YES;
				CLANG_WARN__DUPLICATE_METHOD_MATCH = YES;
				"CODE_SIGN_IDENTITY[sdk=iphoneos*]" = "iPhone Developer";
				COPY_PHASE_STRIP = NO;
				DEBUG_INFORMATION_FORMAT = "dwarf-with-dsym";
				ENABLE_NS_ASSERTIONS = NO;
				ENABLE_STRICT_OBJC_MSGSEND = YES;
				GCC_C_LANGUAGE_STANDARD = gnu99;
				GCC_NO_COMMON_BLOCKS = YES;
				GCC_WARN_64_TO_32_BIT_CONVERSION = YES;
				GCC_WARN_ABOUT_RETURN_TYPE = YES_ERROR;
				GCC_WARN_UNDECLARED_SELECTOR = YES;
				GCC_WARN_UNINITIALIZED_AUTOS = YES_AGGRESSIVE;
				GCC_WARN_UNUSED_FUNCTION = YES;
				GCC_WARN_UNUSED_VARIABLE = YES;
				IPHONEOS_DEPLOYMENT_TARGET = 10.0;
				MTL_ENABLE_DEBUG_INFO = NO;
				SDKROOT = iphoneos;
				SWIFT_OPTIMIZATION_LEVEL = "-Owholemodule";
				TARGETED_DEVICE_FAMILY = "1,2";
				VALIDATE_PRODUCT = YES;
			};
			name = Release;
		};
		A7AD03301D7FCB2D004E1423 /* Debug */ = {
			isa = XCBuildConfiguration;
			buildSettings = {
				ASSETCATALOG_COMPILER_APPICON_NAME = AppIcon;
				DEVELOPMENT_TEAM = X9S97S4N54;
				INFOPLIST_FILE = TacoPOP/Info.plist;
				LD_RUNPATH_SEARCH_PATHS = "$(inherited) @executable_path/Frameworks";
				PRODUCT_BUNDLE_IDENTIFIER = com.benmakusha.TacoPOP;
				PRODUCT_NAME = "$(TARGET_NAME)";
				SWIFT_VERSION = 3.0;
			};
			name = Debug;
		};
		A7AD03311D7FCB2D004E1423 /* Release */ = {
			isa = XCBuildConfiguration;
			buildSettings = {
				ASSETCATALOG_COMPILER_APPICON_NAME = AppIcon;
				DEVELOPMENT_TEAM = X9S97S4N54;
				INFOPLIST_FILE = TacoPOP/Info.plist;
				LD_RUNPATH_SEARCH_PATHS = "$(inherited) @executable_path/Frameworks";
				PRODUCT_BUNDLE_IDENTIFIER = com.benmakusha.TacoPOP;
				PRODUCT_NAME = "$(TARGET_NAME)";
				SWIFT_VERSION = 3.0;
			};
			name = Release;
		};
		A7AD03331D7FCB2D004E1423 /* Debug */ = {
			isa = XCBuildConfiguration;
			buildSettings = {
				ALWAYS_EMBED_SWIFT_STANDARD_LIBRARIES = YES;
				BUNDLE_LOADER = "$(TEST_HOST)";
				DEVELOPMENT_TEAM = X9S97S4N54;
				INFOPLIST_FILE = TacoPOPTests/Info.plist;
				LD_RUNPATH_SEARCH_PATHS = "$(inherited) @executable_path/Frameworks @loader_path/Frameworks";
				PRODUCT_BUNDLE_IDENTIFIER = com.benmakusha.TacoPOPTests;
				PRODUCT_NAME = "$(TARGET_NAME)";
				SWIFT_VERSION = 3.0;
				TEST_HOST = "$(BUILT_PRODUCTS_DIR)/TacoPOP.app/TacoPOP";
			};
			name = Debug;
		};
		A7AD03341D7FCB2D004E1423 /* Release */ = {
			isa = XCBuildConfiguration;
			buildSettings = {
				ALWAYS_EMBED_SWIFT_STANDARD_LIBRARIES = YES;
				BUNDLE_LOADER = "$(TEST_HOST)";
				DEVELOPMENT_TEAM = X9S97S4N54;
				INFOPLIST_FILE = TacoPOPTests/Info.plist;
				LD_RUNPATH_SEARCH_PATHS = "$(inherited) @executable_path/Frameworks @loader_path/Frameworks";
				PRODUCT_BUNDLE_IDENTIFIER = com.benmakusha.TacoPOPTests;
				PRODUCT_NAME = "$(TARGET_NAME)";
				SWIFT_VERSION = 3.0;
				TEST_HOST = "$(BUILT_PRODUCTS_DIR)/TacoPOP.app/TacoPOP";
			};
			name = Release;
		};
/* End XCBuildConfiguration section */

/* Begin XCConfigurationList section */
		A7AD030D1D7FCB2C004E1423 /* Build configuration list for PBXProject "TacoPOP" */ = {
			isa = XCConfigurationList;
			buildConfigurations = (
				A7AD032D1D7FCB2D004E1423 /* Debug */,
				A7AD032E1D7FCB2D004E1423 /* Release */,
			);
			defaultConfigurationIsVisible = 0;
			defaultConfigurationName = Release;
		};
		A7AD032F1D7FCB2D004E1423 /* Build configuration list for PBXNativeTarget "TacoPOP" */ = {
			isa = XCConfigurationList;
			buildConfigurations = (
				A7AD03301D7FCB2D004E1423 /* Debug */,
				A7AD03311D7FCB2D004E1423 /* Release */,
			);
			defaultConfigurationIsVisible = 0;
		};
		A7AD03321D7FCB2D004E1423 /* Build configuration list for PBXNativeTarget "TacoPOPTests" */ = {
			isa = XCConfigurationList;
			buildConfigurations = (
				A7AD03331D7FCB2D004E1423 /* Debug */,
				A7AD03341D7FCB2D004E1423 /* Release */,
			);
			defaultConfigurationIsVisible = 0;
		};
/* End XCConfigurationList section */
	};
	rootObject = A7AD030A1D7FCB2C004E1423 /* Project object */;
}
